
Microsoft Visual Studio Solution File, Format Version 12.00
# Visual Studio Version 17
Project("{2150E333-8FDC-42A3-9474-1A3956D46DE8}") = "Applications", "Applications", "{EB47B90E-C5F4-37D5-9E43-99D6B0BFE1F2}"
EndProject
Project("{2150E333-8FDC-42A3-9474-1A3956D46DE8}") = "CMakePredefinedTargets", "CMakePredefinedTargets", "{903DCB54-707C-3098-9DD6-1B0122035FE4}"
EndProject
Project("{2150E333-8FDC-42A3-9474-1A3956D46DE8}") = "SDK", "SDK", "{6AC9F698-0C9C-3956-8F07-A01E4B9908C8}"
EndProject
Project("{2150E333-8FDC-42A3-9474-1A3956D46DE8}") = "External Libraries", "SDK\External Libraries", "{1A6EA5E9-DDD9-35B9-B81E-2015EF2C5BAA}"
EndProject
Project("{2150E333-8FDC-42A3-9474-1A3956D46DE8}") = "Libraries", "SDK\Libraries", "{11091509-401E-3A98-A274-4BA69102E19E}"
EndProject
Project("{2150E333-8FDC-42A3-9474-1A3956D46DE8}") = "Plugins", "SDK\Plugins", "{43C59191-532D-30E0-B729-2243396F535E}"
EndProject
Project("{2150E333-8FDC-42A3-9474-1A3956D46DE8}") = "Static", "SDK\Plugins\Static", "{F1ED9153-ECA4-31F1-8762-1DFAF83C8E02}"
EndProject
Project("{8BC9CEB8-8B4A-11D0-8D11-00A0C91BC942}") = "ALL_BUILD", "ALL_BUILD.vcxproj", "{3641EEB3-4F9B-3A62-A865-8B06C03C8873}"
	ProjectSection(ProjectDependencies) = postProject
		{B5E78DED-DA82-3C31-B3EB-3272A7573F60} = {B5E78DED-DA82-3C31-B3EB-3272A7573F60}
		{44A639A5-1640-31E8-82CA-FE10C41131FA} = {44A639A5-1640-31E8-82CA-FE10C41131FA}
		{2FCE5CA8-1313-35DB-8012-AB69BD280776} = {2FCE5CA8-1313-35DB-8012-AB69BD280776}
		{1DA453A9-D55D-3252-BCA0-56E97B3F9B08} = {1DA453A9-D55D-3252-BCA0-56E97B3F9B08}
		{BA37AF19-B81D-3479-8222-E56472A6AF4B} = {BA37AF19-B81D-3479-8222-E56472A6AF4B}
		{75447016-16F7-3851-9F8A-4B459A124F5F} = {75447016-16F7-3851-9F8A-4B459A124F5F}
		{DEC15462-8746-39F8-BFCB-753C5568590C} = {DEC15462-8746-39F8-BFCB-753C5568590C}
		{E78E5BA3-1A93-3A38-B6A4-90FE4BD857E7} = {E78E5BA3-1A93-3A38-B6A4-90FE4BD857E7}
		{0309FD76-2F7E-307D-A4E6-29EF51008ED7} = {0309FD76-2F7E-307D-A4E6-29EF51008ED7}
		{A01A3A61-C3E9-3AD3-8163-990ED600A64C} = {A01A3A61-C3E9-3AD3-8163-990ED600A64C}
		{8E95F58A-256E-31E1-8B6A-720255F05355} = {8E95F58A-256E-31E1-8B6A-720255F05355}
		{5DAEABB6-3564-3160-8346-3EAEC218B312} = {5DAEABB6-3564-3160-8346-3EAEC218B312}
		{4BB06394-90FA-3EA8-A090-246E85222778} = {4BB06394-90FA-3EA8-A090-246E85222778}
		{0DD0F9BB-47B1-38E2-8CA8-0973A6D6BB47} = {0DD0F9BB-47B1-38E2-8CA8-0973A6D6BB47}
		{41A97EF3-A23C-31C0-BF02-12F630AEA03D} = {41A97EF3-A23C-31C0-BF02-12F630AEA03D}
		{9FA5C25F-BC1C-38B5-A24A-E00A9C7563A7} = {9FA5C25F-BC1C-38B5-A24A-E00A9C7563A7}
		{17995D86-AA4C-35BE-A863-412E0D4E4ABA} = {17995D86-AA4C-35BE-A863-412E0D4E4ABA}
		{2D95A02B-11DE-3537-BB26-D7315D4BA0AA} = {2D95A02B-11DE-3537-BB26-D7315D4BA0AA}
		{01A09928-77BA-304F-9281-D2589389B440} = {01A09928-77BA-304F-9281-D2589389B440}
		{2BF5C02B-441D-3FE3-924D-FEAA24073656} = {2BF5C02B-441D-3FE3-924D-FEAA24073656}
		{51060C46-739E-32C6-9601-DE712B886AB2} = {51060C46-739E-32C6-9601-DE712B886AB2}
	EndProjectSection
EndProject
Project("{8BC9CEB8-8B4A-11D0-8D11-00A0C91BC942}") = "CMP_Common", "applications\_plugins\common\CMP_Common.vcxproj", "{B5E78DED-DA82-3C31-B3EB-3272A7573F60}"
	ProjectSection(ProjectDependencies) = postProject
		{2D95A02B-11DE-3537-BB26-D7315D4BA0AA} = {2D95A02B-11DE-3537-BB26-D7315D4BA0AA}
		{01A09928-77BA-304F-9281-D2589389B440} = {01A09928-77BA-304F-9281-D2589389B440}
	EndProjectSection
EndProject
Project("{8BC9CEB8-8B4A-11D0-8D11-00A0C91BC942}") = "CMP_Compressonator", "cmp_compressonatorlib\CMP_Compressonator.vcxproj", "{44A639A5-1640-31E8-82CA-FE10C41131FA}"
	ProjectSection(ProjectDependencies) = postProject
		{2FCE5CA8-1313-35DB-8012-AB69BD280776} = {2FCE5CA8-1313-35DB-8012-AB69BD280776}
		{1DA453A9-D55D-3252-BCA0-56E97B3F9B08} = {1DA453A9-D55D-3252-BCA0-56E97B3F9B08}
		{BA37AF19-B81D-3479-8222-E56472A6AF4B} = {BA37AF19-B81D-3479-8222-E56472A6AF4B}
		{75447016-16F7-3851-9F8A-4B459A124F5F} = {75447016-16F7-3851-9F8A-4B459A124F5F}
		{2D95A02B-11DE-3537-BB26-D7315D4BA0AA} = {2D95A02B-11DE-3537-BB26-D7315D4BA0AA}
		{01A09928-77BA-304F-9281-D2589389B440} = {01A09928-77BA-304F-9281-D2589389B440}
	EndProjectSection
EndProject
Project("{8BC9CEB8-8B4A-11D0-8D11-00A0C91BC942}") = "CMP_Core", "cmp_core\CMP_Core.vcxproj", "{2FCE5CA8-1313-35DB-8012-AB69BD280776}"
	ProjectSection(ProjectDependencies) = postProject
		{1DA453A9-D55D-3252-BCA0-56E97B3F9B08} = {1DA453A9-D55D-3252-BCA0-56E97B3F9B08}
		{BA37AF19-B81D-3479-8222-E56472A6AF4B} = {BA37AF19-B81D-3479-8222-E56472A6AF4B}
		{75447016-16F7-3851-9F8A-4B459A124F5F} = {75447016-16F7-3851-9F8A-4B459A124F5F}
		{2D95A02B-11DE-3537-BB26-D7315D4BA0AA} = {2D95A02B-11DE-3537-BB26-D7315D4BA0AA}
	EndProjectSection
EndProject
Project("{8BC9CEB8-8B4A-11D0-8D11-00A0C91BC942}") = "CMP_Core_AVX", "cmp_core\CMP_Core_AVX.vcxproj", "{1DA453A9-D55D-3252-BCA0-56E97B3F9B08}"
	ProjectSection(ProjectDependencies) = postProject
		{2D95A02B-11DE-3537-BB26-D7315D4BA0AA} = {2D95A02B-11DE-3537-BB26-D7315D4BA0AA}
	EndProjectSection
EndProject
Project("{8BC9CEB8-8B4A-11D0-8D11-00A0C91BC942}") = "CMP_Core_AVX512", "cmp_core\CMP_Core_AVX512.vcxproj", "{BA37AF19-B81D-3479-8222-E56472A6AF4B}"
	ProjectSection(ProjectDependencies) = postProject
		{2D95A02B-11DE-3537-BB26-D7315D4BA0AA} = {2D95A02B-11DE-3537-BB26-D7315D4BA0AA}
	EndProjectSection
EndProject
Project("{8BC9CEB8-8B4A-11D0-8D11-00A0C91BC942}") = "CMP_Core_SSE", "cmp_core\CMP_Core_SSE.vcxproj", "{75447016-16F7-3851-9F8A-4B459A124F5F}"
	ProjectSection(ProjectDependencies) = postProject
		{2D95A02B-11DE-3537-BB26-D7315D4BA0AA} = {2D95A02B-11DE-3537-BB26-D7315D4BA0AA}
	EndProjectSection
EndProject
Project("{8BC9CEB8-8B4A-11D0-8D11-00A0C91BC942}") = "CMP_Framework", "cmp_framework\CMP_Framework.vcxproj", "{DEC15462-8746-39F8-BFCB-753C5568590C}"
	ProjectSection(ProjectDependencies) = postProject
		{2FCE5CA8-1313-35DB-8012-AB69BD280776} = {2FCE5CA8-1313-35DB-8012-AB69BD280776}
		{1DA453A9-D55D-3252-BCA0-56E97B3F9B08} = {1DA453A9-D55D-3252-BCA0-56E97B3F9B08}
		{BA37AF19-B81D-3479-8222-E56472A6AF4B} = {BA37AF19-B81D-3479-8222-E56472A6AF4B}
		{75447016-16F7-3851-9F8A-4B459A124F5F} = {75447016-16F7-3851-9F8A-4B459A124F5F}
		{2D95A02B-11DE-3537-BB26-D7315D4BA0AA} = {2D95A02B-11DE-3537-BB26-D7315D4BA0AA}
		{01A09928-77BA-304F-9281-D2589389B440} = {01A09928-77BA-304F-9281-D2589389B440}
	EndProjectSection
EndProject
Project("{8BC9CEB8-8B4A-11D0-8D11-00A0C91BC942}") = "CMP_GpuDecode", "applications\_libs\gpu_decode\CMP_GpuDecode.vcxproj", "{E78E5BA3-1A93-3A38-B6A4-90FE4BD857E7}"
	ProjectSection(ProjectDependencies) = postProject
		{2D95A02B-11DE-3537-BB26-D7315D4BA0AA} = {2D95A02B-11DE-3537-BB26-D7315D4BA0AA}
	EndProjectSection
EndProject
Project("{8BC9CEB8-8B4A-11D0-8D11-00A0C91BC942}") = "CompressonatorCLI-bin", "applications\compressonatorcli\CompressonatorCLI-bin.vcxproj", "{0309FD76-2F7E-307D-A4E6-29EF51008ED7}"
	ProjectSection(ProjectDependencies) = postProject
		{44A639A5-1640-31E8-82CA-FE10C41131FA} = {44A639A5-1640-31E8-82CA-FE10C41131FA}
		{2FCE5CA8-1313-35DB-8012-AB69BD280776} = {2FCE5CA8-1313-35DB-8012-AB69BD280776}
		{1DA453A9-D55D-3252-BCA0-56E97B3F9B08} = {1DA453A9-D55D-3252-BCA0-56E97B3F9B08}
		{BA37AF19-B81D-3479-8222-E56472A6AF4B} = {BA37AF19-B81D-3479-8222-E56472A6AF4B}
		{75447016-16F7-3851-9F8A-4B459A124F5F} = {75447016-16F7-3851-9F8A-4B459A124F5F}
		{DEC15462-8746-39F8-BFCB-753C5568590C} = {DEC15462-8746-39F8-BFCB-753C5568590C}
		{E78E5BA3-1A93-3A38-B6A4-90FE4BD857E7} = {E78E5BA3-1A93-3A38-B6A4-90FE4BD857E7}
		{A01A3A61-C3E9-3AD3-8163-990ED600A64C} = {A01A3A61-C3E9-3AD3-8163-990ED600A64C}
		{8E95F58A-256E-31E1-8B6A-720255F05355} = {8E95F58A-256E-31E1-8B6A-720255F05355}
		{5DAEABB6-3564-3160-8346-3EAEC218B312} = {5DAEABB6-3564-3160-8346-3EAEC218B312}
		{0DD0F9BB-47B1-38E2-8CA8-0973A6D6BB47} = {0DD0F9BB-47B1-38E2-8CA8-0973A6D6BB47}
		{41A97EF3-A23C-31C0-BF02-12F630AEA03D} = {41A97EF3-A23C-31C0-BF02-12F630AEA03D}
		{9FA5C25F-BC1C-38B5-A24A-E00A9C7563A7} = {9FA5C25F-BC1C-38B5-A24A-E00A9C7563A7}
		{17995D86-AA4C-35BE-A863-412E0D4E4ABA} = {17995D86-AA4C-35BE-A863-412E0D4E4ABA}
		{2D95A02B-11DE-3537-BB26-D7315D4BA0AA} = {2D95A02B-11DE-3537-BB26-D7315D4BA0AA}
		{01A09928-77BA-304F-9281-D2589389B440} = {01A09928-77BA-304F-9281-D2589389B440}
	EndProjectSection
EndProject
Project("{8BC9CEB8-8B4A-11D0-8D11-00A0C91BC942}") = "INSTALL", "INSTALL.vcxproj", "{AF7D1ADC-EEB7-3289-B461-D7B0AF0CE266}"
	ProjectSection(ProjectDependencies) = postProject
		{3641EEB3-4F9B-3A62-A865-8B06C03C8873} = {3641EEB3-4F9B-3A62-A865-8B06C03C8873}
		{2D95A02B-11DE-3537-BB26-D7315D4BA0AA} = {2D95A02B-11DE-3537-BB26-D7315D4BA0AA}
	EndProjectSection
EndProject
Project("{8BC9CEB8-8B4A-11D0-8D11-00A0C91BC942}") = "Image_Analysis", "applications\_plugins\canalysis\Image_Analysis.vcxproj", "{A01A3A61-C3E9-3AD3-8163-990ED600A64C}"
	ProjectSection(ProjectDependencies) = postProject
		{2D95A02B-11DE-3537-BB26-D7315D4BA0AA} = {2D95A02B-11DE-3537-BB26-D7315D4BA0AA}
	EndProjectSection
EndProject
Project("{8BC9CEB8-8B4A-11D0-8D11-00A0C91BC942}") = "Image_BINARY", "applications\_plugins\cimage\binary\Image_BINARY.vcxproj", "{8E95F58A-256E-31E1-8B6A-720255F05355}"
	ProjectSection(ProjectDependencies) = postProject
		{44A639A5-1640-31E8-82CA-FE10C41131FA} = {44A639A5-1640-31E8-82CA-FE10C41131FA}
		{2FCE5CA8-1313-35DB-8012-AB69BD280776} = {2FCE5CA8-1313-35DB-8012-AB69BD280776}
		{1DA453A9-D55D-3252-BCA0-56E97B3F9B08} = {1DA453A9-D55D-3252-BCA0-56E97B3F9B08}
		{BA37AF19-B81D-3479-8222-E56472A6AF4B} = {BA37AF19-B81D-3479-8222-E56472A6AF4B}
		{75447016-16F7-3851-9F8A-4B459A124F5F} = {75447016-16F7-3851-9F8A-4B459A124F5F}
		{2D95A02B-11DE-3537-BB26-D7315D4BA0AA} = {2D95A02B-11DE-3537-BB26-D7315D4BA0AA}
		{01A09928-77BA-304F-9281-D2589389B440} = {01A09928-77BA-304F-9281-D2589389B440}
	EndProjectSection
EndProject
Project("{8BC9CEB8-8B4A-11D0-8D11-00A0C91BC942}") = "Image_BRLG", "applications\_plugins\cimage\brlg\Image_BRLG.vcxproj", "{5DAEABB6-3564-3160-8346-3EAEC218B312}"
	ProjectSection(ProjectDependencies) = postProject
		{44A639A5-1640-31E8-82CA-FE10C41131FA} = {44A639A5-1640-31E8-82CA-FE10C41131FA}
		{2FCE5CA8-1313-35DB-8012-AB69BD280776} = {2FCE5CA8-1313-35DB-8012-AB69BD280776}
		{1DA453A9-D55D-3252-BCA0-56E97B3F9B08} = {1DA453A9-D55D-3252-BCA0-56E97B3F9B08}
		{BA37AF19-B81D-3479-8222-E56472A6AF4B} = {BA37AF19-B81D-3479-8222-E56472A6AF4B}
		{75447016-16F7-3851-9F8A-4B459A124F5F} = {75447016-16F7-3851-9F8A-4B459A124F5F}
		{2D95A02B-11DE-3537-BB26-D7315D4BA0AA} = {2D95A02B-11DE-3537-BB26-D7315D4BA0AA}
		{01A09928-77BA-304F-9281-D2589389B440} = {01A09928-77BA-304F-9281-D2589389B440}
	EndProjectSection
EndProject
Project("{8BC9CEB8-8B4A-11D0-8D11-00A0C91BC942}") = "Image_DDS", "applications\_plugins\cimage\dds\Image_DDS.vcxproj", "{4BB06394-90FA-3EA8-A090-246E85222778}"
	ProjectSection(ProjectDependencies) = postProject
		{44A639A5-1640-31E8-82CA-FE10C41131FA} = {44A639A5-1640-31E8-82CA-FE10C41131FA}
		{2FCE5CA8-1313-35DB-8012-AB69BD280776} = {2FCE5CA8-1313-35DB-8012-AB69BD280776}
		{1DA453A9-D55D-3252-BCA0-56E97B3F9B08} = {1DA453A9-D55D-3252-BCA0-56E97B3F9B08}
		{BA37AF19-B81D-3479-8222-E56472A6AF4B} = {BA37AF19-B81D-3479-8222-E56472A6AF4B}
		{75447016-16F7-3851-9F8A-4B459A124F5F} = {75447016-16F7-3851-9F8A-4B459A124F5F}
		{2D95A02B-11DE-3537-BB26-D7315D4BA0AA} = {2D95A02B-11DE-3537-BB26-D7315D4BA0AA}
		{01A09928-77BA-304F-9281-D2589389B440} = {01A09928-77BA-304F-9281-D2589389B440}
	EndProjectSection
EndProject
Project("{8BC9CEB8-8B4A-11D0-8D11-00A0C91BC942}") = "Image_EXR", "applications\_plugins\cimage\exr\Image_EXR.vcxproj", "{0DD0F9BB-47B1-38E2-8CA8-0973A6D6BB47}"
	ProjectSection(ProjectDependencies) = postProject
		{2D95A02B-11DE-3537-BB26-D7315D4BA0AA} = {2D95A02B-11DE-3537-BB26-D7315D4BA0AA}
	EndProjectSection
EndProject
Project("{8BC9CEB8-8B4A-11D0-8D11-00A0C91BC942}") = "Image_KTX", "applications\_plugins\cimage\ktx\Image_KTX.vcxproj", "{41A97EF3-A23C-31C0-BF02-12F630AEA03D}"
	ProjectSection(ProjectDependencies) = postProject
		{44A639A5-1640-31E8-82CA-FE10C41131FA} = {44A639A5-1640-31E8-82CA-FE10C41131FA}
		{2FCE5CA8-1313-35DB-8012-AB69BD280776} = {2FCE5CA8-1313-35DB-8012-AB69BD280776}
		{1DA453A9-D55D-3252-BCA0-56E97B3F9B08} = {1DA453A9-D55D-3252-BCA0-56E97B3F9B08}
		{BA37AF19-B81D-3479-8222-E56472A6AF4B} = {BA37AF19-B81D-3479-8222-E56472A6AF4B}
		{75447016-16F7-3851-9F8A-4B459A124F5F} = {75447016-16F7-3851-9F8A-4B459A124F5F}
		{DEC15462-8746-39F8-BFCB-753C5568590C} = {DEC15462-8746-39F8-BFCB-753C5568590C}
		{2D95A02B-11DE-3537-BB26-D7315D4BA0AA} = {2D95A02B-11DE-3537-BB26-D7315D4BA0AA}
		{01A09928-77BA-304F-9281-D2589389B440} = {01A09928-77BA-304F-9281-D2589389B440}
	EndProjectSection
EndProject
Project("{8BC9CEB8-8B4A-11D0-8D11-00A0C91BC942}") = "Image_KTX2", "applications\_plugins\cimage\ktx2\Image_KTX2.vcxproj", "{9FA5C25F-BC1C-38B5-A24A-E00A9C7563A7}"
	ProjectSection(ProjectDependencies) = postProject
		{44A639A5-1640-31E8-82CA-FE10C41131FA} = {44A639A5-1640-31E8-82CA-FE10C41131FA}
		{2FCE5CA8-1313-35DB-8012-AB69BD280776} = {2FCE5CA8-1313-35DB-8012-AB69BD280776}
		{1DA453A9-D55D-3252-BCA0-56E97B3F9B08} = {1DA453A9-D55D-3252-BCA0-56E97B3F9B08}
		{BA37AF19-B81D-3479-8222-E56472A6AF4B} = {BA37AF19-B81D-3479-8222-E56472A6AF4B}
		{75447016-16F7-3851-9F8A-4B459A124F5F} = {75447016-16F7-3851-9F8A-4B459A124F5F}
		{DEC15462-8746-39F8-BFCB-753C5568590C} = {DEC15462-8746-39F8-BFCB-753C5568590C}
		{2D95A02B-11DE-3537-BB26-D7315D4BA0AA} = {2D95A02B-11DE-3537-BB26-D7315D4BA0AA}
		{01A09928-77BA-304F-9281-D2589389B440} = {01A09928-77BA-304F-9281-D2589389B440}
	EndProjectSection
EndProject
Project("{8BC9CEB8-8B4A-11D0-8D11-00A0C91BC942}") = "Image_TGA", "applications\_plugins\cimage\tga\Image_TGA.vcxproj", "{17995D86-AA4C-35BE-A863-412E0D4E4ABA}"
	ProjectSection(ProjectDependencies) = postProject
		{2D95A02B-11DE-3537-BB26-D7315D4BA0AA} = {2D95A02B-11DE-3537-BB26-D7315D4BA0AA}
	EndProjectSection
EndProject
Project("{8BC9CEB8-8B4A-11D0-8D11-00A0C91BC942}") = "PACKAGE", "PACKAGE.vcxproj", "{56D4A159-DA96-37E5-AFBD-02FE0E466C10}"
	ProjectSection(ProjectDependencies) = postProject
		{3641EEB3-4F9B-3A62-A865-8B06C03C8873} = {3641EEB3-4F9B-3A62-A865-8B06C03C8873}
		{2D95A02B-11DE-3537-BB26-D7315D4BA0AA} = {2D95A02B-11DE-3537-BB26-D7315D4BA0AA}
	EndProjectSection
EndProject
Project("{8BC9CEB8-8B4A-11D0-8D11-00A0C91BC942}") = "ZERO_CHECK", "ZERO_CHECK.vcxproj", "{2D95A02B-11DE-3537-BB26-D7315D4BA0AA}"
	ProjectSection(ProjectDependencies) = postProject
	EndProjectSection
EndProject
Project("{8BC9CEB8-8B4A-11D0-8D11-00A0C91BC942}") = "extern_brotlig", "extern_brotlig.vcxproj", "{01A09928-77BA-304F-9281-D2589389B440}"
	ProjectSection(ProjectDependencies) = postProject
		{2D95A02B-11DE-3537-BB26-D7315D4BA0AA} = {2D95A02B-11DE-3537-BB26-D7315D4BA0AA}
	EndProjectSection
EndProject
Project("{8BC9CEB8-8B4A-11D0-8D11-00A0C91BC942}") = "extern_glfw", "extern_glfw.vcxproj", "{2BF5C02B-441D-3FE3-924D-FEAA24073656}"
	ProjectSection(ProjectDependencies) = postProject
		{2D95A02B-11DE-3537-BB26-D7315D4BA0AA} = {2D95A02B-11DE-3537-BB26-D7315D4BA0AA}
	EndProjectSection
EndProject
Project("{8BC9CEB8-8B4A-11D0-8D11-00A0C91BC942}") = "extern_ktx", "extern_ktx.vcxproj", "{51060C46-739E-32C6-9601-DE712B886AB2}"
	ProjectSection(ProjectDependencies) = postProject
		{2D95A02B-11DE-3537-BB26-D7315D4BA0AA} = {2D95A02B-11DE-3537-BB26-D7315D4BA0AA}
	EndProjectSection
EndProject
Global
	GlobalSection(SolutionConfigurationPlatforms) = preSolution
		Debug|x64 = Debug|x64
		Release|x64 = Release|x64
	EndGlobalSection
	GlobalSection(ProjectConfigurationPlatforms) = postSolution
		{3641EEB3-4F9B-3A62-A865-8B06C03C8873}.Debug|x64.ActiveCfg = Debug|x64
		{3641EEB3-4F9B-3A62-A865-8B06C03C8873}.Debug|x64.Build.0 = Debug|x64
		{3641EEB3-4F9B-3A62-A865-8B06C03C8873}.Release|x64.ActiveCfg = Release|x64
		{3641EEB3-4F9B-3A62-A865-8B06C03C8873}.Release|x64.Build.0 = Release|x64
		{B5E78DED-DA82-3C31-B3EB-3272A7573F60}.Debug|x64.ActiveCfg = Debug|x64
		{B5E78DED-DA82-3C31-B3EB-3272A7573F60}.Debug|x64.Build.0 = Debug|x64
		{B5E78DED-DA82-3C31-B3EB-3272A7573F60}.Release|x64.ActiveCfg = Release|x64
		{B5E78DED-DA82-3C31-B3EB-3272A7573F60}.Release|x64.Build.0 = Release|x64
		{44A639A5-1640-31E8-82CA-FE10C41131FA}.Debug|x64.ActiveCfg = Debug|x64
		{44A639A5-1640-31E8-82CA-FE10C41131FA}.Debug|x64.Build.0 = Debug|x64
		{44A639A5-1640-31E8-82CA-FE10C41131FA}.Release|x64.ActiveCfg = Release|x64
		{44A639A5-1640-31E8-82CA-FE10C41131FA}.Release|x64.Build.0 = Release|x64
		{2FCE5CA8-1313-35DB-8012-AB69BD280776}.Debug|x64.ActiveCfg = Debug|x64
		{2FCE5CA8-1313-35DB-8012-AB69BD280776}.Debug|x64.Build.0 = Debug|x64
		{2FCE5CA8-1313-35DB-8012-AB69BD280776}.Release|x64.ActiveCfg = Release|x64
		{2FCE5CA8-1313-35DB-8012-AB69BD280776}.Release|x64.Build.0 = Release|x64
		{1DA453A9-D55D-3252-BCA0-56E97B3F9B08}.Debug|x64.ActiveCfg = Debug|x64
		{1DA453A9-D55D-3252-BCA0-56E97B3F9B08}.Debug|x64.Build.0 = Debug|x64
		{1DA453A9-D55D-3252-BCA0-56E97B3F9B08}.Release|x64.ActiveCfg = Release|x64
		{1DA453A9-D55D-3252-BCA0-56E97B3F9B08}.Release|x64.Build.0 = Release|x64
		{BA37AF19-B81D-3479-8222-E56472A6AF4B}.Debug|x64.ActiveCfg = Debug|x64
		{BA37AF19-B81D-3479-8222-E56472A6AF4B}.Debug|x64.Build.0 = Debug|x64
		{BA37AF19-B81D-3479-8222-E56472A6AF4B}.Release|x64.ActiveCfg = Release|x64
		{BA37AF19-B81D-3479-8222-E56472A6AF4B}.Release|x64.Build.0 = Release|x64
		{75447016-16F7-3851-9F8A-4B459A124F5F}.Debug|x64.ActiveCfg = Debug|x64
		{75447016-16F7-3851-9F8A-4B459A124F5F}.Debug|x64.Build.0 = Debug|x64
		{75447016-16F7-3851-9F8A-4B459A124F5F}.Release|x64.ActiveCfg = Release|x64
		{75447016-16F7-3851-9F8A-4B459A124F5F}.Release|x64.Build.0 = Release|x64
		{DEC15462-8746-39F8-BFCB-753C5568590C}.Debug|x64.ActiveCfg = Debug|x64
		{DEC15462-8746-39F8-BFCB-753C5568590C}.Debug|x64.Build.0 = Debug|x64
		{DEC15462-8746-39F8-BFCB-753C5568590C}.Release|x64.ActiveCfg = Release|x64
		{DEC15462-8746-39F8-BFCB-753C5568590C}.Release|x64.Build.0 = Release|x64
		{E78E5BA3-1A93-3A38-B6A4-90FE4BD857E7}.Debug|x64.ActiveCfg = Debug|x64
		{E78E5BA3-1A93-3A38-B6A4-90FE4BD857E7}.Debug|x64.Build.0 = Debug|x64
		{E78E5BA3-1A93-3A38-B6A4-90FE4BD857E7}.Release|x64.ActiveCfg = Release|x64
		{E78E5BA3-1A93-3A38-B6A4-90FE4BD857E7}.Release|x64.Build.0 = Release|x64
		{0309FD76-2F7E-307D-A4E6-29EF51008ED7}.Debug|x64.ActiveCfg = Debug|x64
		{0309FD76-2F7E-307D-A4E6-29EF51008ED7}.Debug|x64.Build.0 = Debug|x64
		{0309FD76-2F7E-307D-A4E6-29EF51008ED7}.Release|x64.ActiveCfg = Release|x64
		{0309FD76-2F7E-307D-A4E6-29EF51008ED7}.Release|x64.Build.0 = Release|x64
		{AF7D1ADC-EEB7-3289-B461-D7B0AF0CE266}.Debug|x64.ActiveCfg = Debug|x64
		{AF7D1ADC-EEB7-3289-B461-D7B0AF0CE266}.Release|x64.ActiveCfg = Release|x64
		{A01A3A61-C3E9-3AD3-8163-990ED600A64C}.Debug|x64.ActiveCfg = Debug|x64
		{A01A3A61-C3E9-3AD3-8163-990ED600A64C}.Debug|x64.Build.0 = Debug|x64
		{A01A3A61-C3E9-3AD3-8163-990ED600A64C}.Release|x64.ActiveCfg = Release|x64
		{A01A3A61-C3E9-3AD3-8163-990ED600A64C}.Release|x64.Build.0 = Release|x64
		{8E95F58A-256E-31E1-8B6A-720255F05355}.Debug|x64.ActiveCfg = Debug|x64
		{8E95F58A-256E-31E1-8B6A-720255F05355}.Debug|x64.Build.0 = Debug|x64
		{8E95F58A-256E-31E1-8B6A-720255F05355}.Release|x64.ActiveCfg = Release|x64
		{8E95F58A-256E-31E1-8B6A-720255F05355}.Release|x64.Build.0 = Release|x64
		{5DAEABB6-3564-3160-8346-3EAEC218B312}.Debug|x64.ActiveCfg = Debug|x64
		{5DAEABB6-3564-3160-8346-3EAEC218B312}.Debug|x64.Build.0 = Debug|x64
		{5DAEABB6-3564-3160-8346-3EAEC218B312}.Release|x64.ActiveCfg = Release|x64
		{5DAEABB6-3564-3160-8346-3EAEC218B312}.Release|x64.Build.0 = Release|x64
		{4BB06394-90FA-3EA8-A090-246E85222778}.Debug|x64.ActiveCfg = Debug|x64
		{4BB06394-90FA-3EA8-A090-246E85222778}.Debug|x64.Build.0 = Debug|x64
		{4BB06394-90FA-3EA8-A090-246E85222778}.Release|x64.ActiveCfg = Release|x64
		{4BB06394-90FA-3EA8-A090-246E85222778}.Release|x64.Build.0 = Release|x64
		{0DD0F9BB-47B1-38E2-8CA8-0973A6D6BB47}.Debug|x64.ActiveCfg = Debug|x64
		{0DD0F9BB-47B1-38E2-8CA8-0973A6D6BB47}.Debug|x64.Build.0 = Debug|x64
		{0DD0F9BB-47B1-38E2-8CA8-0973A6D6BB47}.Release|x64.ActiveCfg = Release|x64
		{0DD0F9BB-47B1-38E2-8CA8-0973A6D6BB47}.Release|x64.Build.0 = Release|x64
		{41A97EF3-A23C-31C0-BF02-12F630AEA03D}.Debug|x64.ActiveCfg = Debug|x64
		{41A97EF3-A23C-31C0-BF02-12F630AEA03D}.Debug|x64.Build.0 = Debug|x64
		{41A97EF3-A23C-31C0-BF02-12F630AEA03D}.Release|x64.ActiveCfg = Release|x64
		{41A97EF3-A23C-31C0-BF02-12F630AEA03D}.Release|x64.Build.0 = Release|x64
		{9FA5C25F-BC1C-38B5-A24A-E00A9C7563A7}.Debug|x64.ActiveCfg = Debug|x64
		{9FA5C25F-BC1C-38B5-A24A-E00A9C7563A7}.Debug|x64.Build.0 = Debug|x64
		{9FA5C25F-BC1C-38B5-A24A-E00A9C7563A7}.Release|x64.ActiveCfg = Release|x64
		{9FA5C25F-BC1C-38B5-A24A-E00A9C7563A7}.Release|x64.Build.0 = Release|x64
		{17995D86-AA4C-35BE-A863-412E0D4E4ABA}.Debug|x64.ActiveCfg = Debug|x64
		{17995D86-AA4C-35BE-A863-412E0D4E4ABA}.Debug|x64.Build.0 = Debug|x64
		{17995D86-AA4C-35BE-A863-412E0D4E4ABA}.Release|x64.ActiveCfg = Release|x64
		{17995D86-AA4C-35BE-A863-412E0D4E4ABA}.Release|x64.Build.0 = Release|x64
		{56D4A159-DA96-37E5-AFBD-02FE0E466C10}.Debug|x64.ActiveCfg = Debug|x64
		{56D4A159-DA96-37E5-AFBD-02FE0E466C10}.Release|x64.ActiveCfg = Release|x64
		{2D95A02B-11DE-3537-BB26-D7315D4BA0AA}.Debug|x64.ActiveCfg = Debug|x64
		{2D95A02B-11DE-3537-BB26-D7315D4BA0AA}.Debug|x64.Build.0 = Debug|x64
		{2D95A02B-11DE-3537-BB26-D7315D4BA0AA}.Release|x64.ActiveCfg = Release|x64
		{2D95A02B-11DE-3537-BB26-D7315D4BA0AA}.Release|x64.Build.0 = Release|x64
		{01A09928-77BA-304F-9281-D2589389B440}.Debug|x64.ActiveCfg = Debug|x64
		{01A09928-77BA-304F-9281-D2589389B440}.Debug|x64.Build.0 = Debug|x64
		{01A09928-77BA-304F-9281-D2589389B440}.Release|x64.ActiveCfg = Release|x64
		{01A09928-77BA-304F-9281-D2589389B440}.Release|x64.Build.0 = Release|x64
		{2BF5C02B-441D-3FE3-924D-FEAA24073656}.Debug|x64.ActiveCfg = Debug|x64
		{2BF5C02B-441D-3FE3-924D-FEAA24073656}.Debug|x64.Build.0 = Debug|x64
		{2BF5C02B-441D-3FE3-924D-FEAA24073656}.Release|x64.ActiveCfg = Release|x64
		{2BF5C02B-441D-3FE3-924D-FEAA24073656}.Release|x64.Build.0 = Release|x64
		{51060C46-739E-32C6-9601-DE712B886AB2}.Debug|x64.ActiveCfg = Debug|x64
		{51060C46-739E-32C6-9601-DE712B886AB2}.Debug|x64.Build.0 = Debug|x64
		{51060C46-739E-32C6-9601-DE712B886AB2}.Release|x64.ActiveCfg = Release|x64
		{51060C46-739E-32C6-9601-DE712B886AB2}.Release|x64.Build.0 = Release|x64
	EndGlobalSection
	GlobalSection(NestedProjects) = preSolution
		{0309FD76-2F7E-307D-A4E6-29EF51008ED7} = {EB47B90E-C5F4-37D5-9E43-99D6B0BFE1F2}
		{3641EEB3-4F9B-3A62-A865-8B06C03C8873} = {903DCB54-707C-3098-9DD6-1B0122035FE4}
		{AF7D1ADC-EEB7-3289-B461-D7B0AF0CE266} = {903DCB54-707C-3098-9DD6-1B0122035FE4}
		{56D4A159-DA96-37E5-AFBD-02FE0E466C10} = {903DCB54-707C-3098-9DD6-1B0122035FE4}
		{2D95A02B-11DE-3537-BB26-D7315D4BA0AA} = {903DCB54-707C-3098-9DD6-1B0122035FE4}
		{1A6EA5E9-DDD9-35B9-B81E-2015EF2C5BAA} = {6AC9F698-0C9C-3956-8F07-A01E4B9908C8}
		{11091509-401E-3A98-A274-4BA69102E19E} = {6AC9F698-0C9C-3956-8F07-A01E4B9908C8}
		{43C59191-532D-30E0-B729-2243396F535E} = {6AC9F698-0C9C-3956-8F07-A01E4B9908C8}
		{01A09928-77BA-304F-9281-D2589389B440} = {1A6EA5E9-DDD9-35B9-B81E-2015EF2C5BAA}
		{2BF5C02B-441D-3FE3-924D-FEAA24073656} = {1A6EA5E9-DDD9-35B9-B81E-2015EF2C5BAA}
		{51060C46-739E-32C6-9601-DE712B886AB2} = {1A6EA5E9-DDD9-35B9-B81E-2015EF2C5BAA}
		{B5E78DED-DA82-3C31-B3EB-3272A7573F60} = {11091509-401E-3A98-A274-4BA69102E19E}
		{44A639A5-1640-31E8-82CA-FE10C41131FA} = {11091509-401E-3A98-A274-4BA69102E19E}
		{2FCE5CA8-1313-35DB-8012-AB69BD280776} = {11091509-401E-3A98-A274-4BA69102E19E}
		{1DA453A9-D55D-3252-BCA0-56E97B3F9B08} = {11091509-401E-3A98-A274-4BA69102E19E}
		{BA37AF19-B81D-3479-8222-E56472A6AF4B} = {11091509-401E-3A98-A274-4BA69102E19E}
		{75447016-16F7-3851-9F8A-4B459A124F5F} = {11091509-401E-3A98-A274-4BA69102E19E}
		{DEC15462-8746-39F8-BFCB-753C5568590C} = {11091509-401E-3A98-A274-4BA69102E19E}
		{E78E5BA3-1A93-3A38-B6A4-90FE4BD857E7} = {11091509-401E-3A98-A274-4BA69102E19E}
		{F1ED9153-ECA4-31F1-8762-1DFAF83C8E02} = {43C59191-532D-30E0-B729-2243396F535E}
		{A01A3A61-C3E9-3AD3-8163-990ED600A64C} = {F1ED9153-ECA4-31F1-8762-1DFAF83C8E02}
		{8E95F58A-256E-31E1-8B6A-720255F05355} = {F1ED9153-ECA4-31F1-8762-1DFAF83C8E02}
		{5DAEABB6-3564-3160-8346-3EAEC218B312} = {F1ED9153-ECA4-31F1-8762-1DFAF83C8E02}
		{4BB06394-90FA-3EA8-A090-246E85222778} = {F1ED9153-ECA4-31F1-8762-1DFAF83C8E02}
		{0DD0F9BB-47B1-38E2-8CA8-0973A6D6BB47} = {F1ED9153-ECA4-31F1-8762-1DFAF83C8E02}
		{41A97EF3-A23C-31C0-BF02-12F630AEA03D} = {F1ED9153-ECA4-31F1-8762-1DFAF83C8E02}
		{9FA5C25F-BC1C-38B5-A24A-E00A9C7563A7} = {F1ED9153-ECA4-31F1-8762-1DFAF83C8E02}
		{17995D86-AA4C-35BE-A863-412E0D4E4ABA} = {F1ED9153-ECA4-31F1-8762-1DFAF83C8E02}
	EndGlobalSection
	GlobalSection(ExtensibilityGlobals) = postSolution
		SolutionGuid = {D1EECE92-C895-32F3-B6A9-99B766CE3A1C}
	EndGlobalSection
	GlobalSection(ExtensibilityAddIns) = postSolution
	EndGlobalSection
EndGlobal
