<?xml version="1.0" encoding="utf-8"?>
<Project ToolsVersion="17.0" xmlns="http://schemas.microsoft.com/developer/msbuild/2003">
  <ItemGroup>
    <CustomBuild Include="F:\School Stuff\Y3T1\compressonator\CMakeFiles\1cd4e47e198d1682f1f3db62ab8539b6\PACKAGE_force.rule">
      <Filter>CMake Rules</Filter>
    </CustomBuild>
  </ItemGroup>
  <ItemGroup>
    <Filter Include="CMake Rules">
      <UniqueIdentifier>{68F688FF-6659-3EF9-A148-2ABE33E034DE}</UniqueIdentifier>
    </Filter>
  </ItemGroup>
</Project>
