<?xml version="1.0" encoding="utf-8"?>
<Project ToolsVersion="17.0" xmlns="http://schemas.microsoft.com/developer/msbuild/2003">
  <ItemGroup>
    <ClCompile Include="F:\School Stuff\Y3T1\compressonator\applications\_plugins\cimage\ktx2\ktx2.cpp">
      <Filter>Source Files</Filter>
    </ClCompile>
    <ClCompile Include="F:\School Stuff\Y3T1\compressonator\applications\_plugins\cimage\ktx\ktxcommon.cpp">
      <Filter>Source Files</Filter>
    </ClCompile>
    <ClCompile Include="F:\School Stuff\Y3T1\compressonator\applications\_plugins\cimage\ktx\softfloat.cpp">
      <Filter>Source Files</Filter>
    </ClCompile>
  </ItemGroup>
  <ItemGroup>
    <ClInclude Include="F:\School Stuff\Y3T1\compressonator\applications\_plugins\cimage\ktx2\ktx2.h">
      <Filter>Header Files</Filter>
    </ClInclude>
    <ClInclude Include="F:\School Stuff\Y3T1\compressonator\applications\_plugins\cimage\ktx\ktxcommon.h">
      <Filter>Header Files</Filter>
    </ClInclude>
    <ClInclude Include="F:\School Stuff\Y3T1\compressonator\applications\_plugins\cimage\ktx\softfloat.h">
      <Filter>Header Files</Filter>
    </ClInclude>
  </ItemGroup>
  <ItemGroup>
    <CustomBuild Include="F:\School Stuff\Y3T1\compressonator\applications\_plugins\cimage\ktx2\CMakeLists.txt" />
  </ItemGroup>
  <ItemGroup>
    <Filter Include="Header Files">
      <UniqueIdentifier>{7956164C-D211-370F-9886-70413E21FD2C}</UniqueIdentifier>
    </Filter>
    <Filter Include="Source Files">
      <UniqueIdentifier>{FCB5D0E9-823B-3E3F-B885-82D1DA1D60DA}</UniqueIdentifier>
    </Filter>
  </ItemGroup>
</Project>
